# THIS IS AN AUTOGENERATED FILE. DO NOT EDIT THIS FILE DIRECTLY.
# yarn lockfile v1


"@mapbox/node-pre-gyp@1.0.9":
  version "1.0.9"
  resolved "https://repo.dev.wixpress.com/artifactory/api/npm/npm-repos/@mapbox/node-pre-gyp/-/node-pre-gyp-1.0.9.tgz#09a8781a3a036151cdebbe8719d6f8b25d4058bc"
  integrity sha1-Cah4GjoDYVHN676HGdb4sl1AWLw=
  dependencies:
    detect-libc "^2.0.0"
    https-proxy-agent "^5.0.0"
    make-dir "^3.1.0"
    node-fetch "^2.6.7"
    nopt "^5.0.0"
    npmlog "^5.0.1"
    rimraf "^3.0.2"
    semver "^7.3.5"
    tar "^6.1.11"

"@tensorflow/tfjs-backend-cpu@4.13.0":
  version "4.13.0"
  resolved "https://repo.dev.wixpress.com/artifactory/api/npm/npm-repos/@tensorflow/tfjs-backend-cpu/-/tfjs-backend-cpu-4.13.0.tgz#086e737bbdadd66f7b6ad8971f3fa7cc0c05ec73"
  integrity sha1-CG5ze72t1m97atiXHz+nzAwF7HM=
  dependencies:
    "@types/seedrandom" "^2.4.28"
    seedrandom "^3.0.5"

"@tensorflow/tfjs-backend-webgl@4.13.0":
  version "4.13.0"
  resolved "https://repo.dev.wixpress.com/artifactory/api/npm/npm-repos/@tensorflow/tfjs-backend-webgl/-/tfjs-backend-webgl-4.13.0.tgz#cc15b1d96343e1339c4b0ecc19c979573cbf9423"
  integrity sha1-zBWx2WND4TOcSw7MGcl5Vzy/lCM=
  dependencies:
    "@tensorflow/tfjs-backend-cpu" "4.13.0"
    "@types/offscreencanvas" "~2019.3.0"
    "@types/seedrandom" "^2.4.28"
    seedrandom "^3.0.5"

"@tensorflow/tfjs-converter@4.13.0":
  version "4.13.0"
  resolved "https://repo.dev.wixpress.com/artifactory/api/npm/npm-repos/@tensorflow/tfjs-converter/-/tfjs-converter-4.13.0.tgz#f8ede506ec30948653d6bc08e85bd1d6e8b60f82"
  integrity sha1-+O3lBuwwlIZT1rwI6FvR1ui2D4I=

"@tensorflow/tfjs-core@4.13.0":
  version "4.13.0"
  resolved "https://repo.dev.wixpress.com/artifactory/api/npm/npm-repos/@tensorflow/tfjs-core/-/tfjs-core-4.13.0.tgz#7d0c472c99be14473c2cd46d529c8b7decece283"
  integrity sha1-fQxHLJm+FEc8LNRtUpyLfezs4oM=
  dependencies:
    "@types/long" "^4.0.1"
    "@types/offscreencanvas" "~2019.7.0"
    "@types/seedrandom" "^2.4.28"
    "@webgpu/types" "0.1.30"
    long "4.0.0"
    node-fetch "~2.6.1"
    seedrandom "^3.0.5"

"@tensorflow/tfjs-data@4.13.0":
  version "4.13.0"
  resolved "https://repo.dev.wixpress.com/artifactory/api/npm/npm-repos/@tensorflow/tfjs-data/-/tfjs-data-4.13.0.tgz#c1d4f96748132782877ff13687f4715c7e53366e"
  integrity sha1-wdT5Z0gTJ4KHf/E2h/RxXH5TNm4=
  dependencies:
    "@types/node-fetch" "^2.1.2"
    node-fetch "~2.6.1"
    string_decoder "^1.3.0"

"@tensorflow/tfjs-layers@4.13.0":
  version "4.13.0"
  resolved "https://repo.dev.wixpress.com/artifactory/api/npm/npm-repos/@tensorflow/tfjs-layers/-/tfjs-layers-4.13.0.tgz#99bba84941945f3534174d5ba4352907d0b1449b"
  integrity sha1-mbuoSUGUXzU0F01bpDUpB9CxRJs=

"@tensorflow/tfjs-node@^4.13.0":
  version "4.13.0"
  resolved "https://repo.dev.wixpress.com/artifactory/api/npm/npm-repos/@tensorflow/tfjs-node/-/tfjs-node-4.13.0.tgz#d9c66247a6a7302187dd3d0a0b4e3ea7af1a76e1"
  integrity sha1-2cZiR6anMCGH3T0KC04+p68aduE=
  dependencies:
    "@mapbox/node-pre-gyp" "1.0.9"
    "@tensorflow/tfjs" "4.13.0"
    adm-zip "^0.5.2"
    google-protobuf "^3.9.2"
    https-proxy-agent "^2.2.1"
    progress "^2.0.0"
    rimraf "^2.6.2"
    tar "^4.4.6"

"@tensorflow/tfjs@4.13.0":
  version "4.13.0"
  resolved "https://repo.dev.wixpress.com/artifactory/api/npm/npm-repos/@tensorflow/tfjs/-/tfjs-4.13.0.tgz#771ae0b007e728737b6a8268f37c5a38a6b48ed1"
  integrity sha1-dxrgsAfnKHN7aoJo83xaOKa0jtE=
  dependencies:
    "@tensorflow/tfjs-backend-cpu" "4.13.0"
    "@tensorflow/tfjs-backend-webgl" "4.13.0"
    "@tensorflow/tfjs-converter" "4.13.0"
    "@tensorflow/tfjs-core" "4.13.0"
    "@tensorflow/tfjs-data" "4.13.0"
    "@tensorflow/tfjs-layers" "4.13.0"
    argparse "^1.0.10"
    chalk "^4.1.0"
    core-js "3.29.1"
    regenerator-runtime "^0.13.5"
    yargs "^16.0.3"

"@types/long@^4.0.1":
  version "4.0.2"
  resolved "https://repo.dev.wixpress.com/artifactory/api/npm/npm-repos/@types/long/-/long-4.0.2.tgz#b74129719fc8d11c01868010082d483b7545591a"
  integrity sha1-t0EpcZ/I0RwBhoAQCC1IO3VFWRo=

"@types/node-fetch@^2.1.2":
  version "2.6.9"
  resolved "https://repo.dev.wixpress.com/artifactory/api/npm/npm-repos/@types/node-fetch/-/node-fetch-2.6.9.tgz#15f529d247f1ede1824f7e7acdaa192d5f28071e"
  integrity sha1-FfUp0kfx7eGCT356zaoZLV8oBx4=
  dependencies:
    "@types/node" "*"
    form-data "^4.0.0"

"@types/node@*":
  version "20.9.0"
  resolved "https://repo.dev.wixpress.com/artifactory/api/npm/npm-repos/@types/node/-/node-20.9.0.tgz#bfcdc230583aeb891cf51e73cfdaacdd8deae298"
  integrity sha1-v83CMFg664kc9R5zz9qs3Y3q4pg=
  dependencies:
    undici-types "~5.26.4"

"@types/offscreencanvas@~2019.3.0":
  version "2019.3.0"
  resolved "https://repo.dev.wixpress.com/artifactory/api/npm/npm-repos/@types/offscreencanvas/-/offscreencanvas-2019.3.0.tgz#3336428ec7e9180cf4566dfea5da04eb586a6553"
  integrity sha1-MzZCjsfpGAz0Vm3+pdoE61hqZVM=

"@types/offscreencanvas@~2019.7.0":
  version "2019.7.3"
  resolved "https://repo.dev.wixpress.com/artifactory/api/npm/npm-repos/@types/offscreencanvas/-/offscreencanvas-2019.7.3.tgz#90267db13f64d6e9ccb5ae3eac92786a7c77a516"
  integrity sha1-kCZ9sT9k1unMta4+rJJ4anx3pRY=

"@types/seedrandom@^2.4.28":
  version "2.4.34"
  resolved "https://repo.dev.wixpress.com/artifactory/api/npm/npm-repos/@types/seedrandom/-/seedrandom-2.4.34.tgz#c725cd0fc0442e2d3d0e5913af005686ffb7eb99"
  integrity sha1-xyXND8BELi09DlkTrwBWhv+365k=

"@webgpu/types@0.1.30":
  version "0.1.30"
  resolved "https://repo.dev.wixpress.com/artifactory/api/npm/npm-repos/@webgpu/types/-/types-0.1.30.tgz#b6406dc4a1c1e0d469028ceb30ddffbbd2fa706c"
  integrity sha1-tkBtxKHB4NRpAozrMN3/u9L6cGw=

abbrev@1:
  version "1.1.1"
  resolved "https://repo.dev.wixpress.com/artifactory/api/npm/npm-repos/abbrev/-/abbrev-1.1.1.tgz#f8f2c887ad10bf67f634f005b6987fed3179aac8"
  integrity sha1-+PLIh60Qv2f2NPAFtph/7TF5qsg=

add@^2.0.6:
  version "2.0.6"
  resolved "https://repo.dev.wixpress.com/artifactory/api/npm/npm-repos/add/-/add-2.0.6.tgz#248f0a9f6e5a528ef2295dbeec30532130ae2235"
  integrity sha1-JI8Kn25aUo7yKV2+7DBTITCuIjU=

adm-zip@^0.5.2:
  version "0.5.10"
  resolved "https://repo.dev.wixpress.com/artifactory/api/npm/npm-repos/adm-zip/-/adm-zip-0.5.10.tgz#4a51d5ab544b1f5ce51e1b9043139b639afff45b"
  integrity sha1-SlHVq1RLH1zlHhuQQxObY5r/9Fs=

agent-base@6:
  version "6.0.2"
  resolved "https://repo.dev.wixpress.com/artifactory/api/npm/npm-repos/agent-base/-/agent-base-6.0.2.tgz#49fff58577cfee3f37176feab4c22e00f86d7f77"
  integrity sha1-Sf/1hXfP7j83F2/qtMIuAPhtf3c=
  dependencies:
    debug "4"

agent-base@^4.3.0:
  version "4.3.0"
  resolved "https://repo.dev.wixpress.com/artifactory/api/npm/npm-repos/agent-base/-/agent-base-4.3.0.tgz#8165f01c436009bccad0b1d122f05ed770efc6ee"
  integrity sha1-gWXwHENgCbzK0LHRIvBe13Dvxu4=
  dependencies:
    es6-promisify "^5.0.0"

ansi-regex@^5.0.1:
  version "5.0.1"
  resolved "https://repo.dev.wixpress.com/artifactory/api/npm/npm-repos/ansi-regex/-/ansi-regex-5.0.1.tgz#082cb2c89c9fe8659a311a53bd6a4dc5301db304"
  integrity sha1-CCyyyJyf6GWaMRpTvWpNxTAdswQ=

ansi-styles@^4.0.0, ansi-styles@^4.1.0:
  version "4.3.0"
  resolved "https://repo.dev.wixpress.com/artifactory/api/npm/npm-repos/ansi-styles/-/ansi-styles-4.3.0.tgz#edd803628ae71c04c85ae7a0906edad34b648937"
  integrity sha1-7dgDYornHATIWuegkG7a00tkiTc=
  dependencies:
    color-convert "^2.0.1"

"aproba@^1.0.3 || ^2.0.0":
  version "2.0.0"
  resolved "https://repo.dev.wixpress.com/artifactory/api/npm/npm-repos/aproba/-/aproba-2.0.0.tgz#52520b8ae5b569215b354efc0caa3fe1e45a8adc"
  integrity sha1-UlILiuW1aSFbNU78DKo/4eRaitw=

are-we-there-yet@^2.0.0:
  version "2.0.0"
  resolved "https://repo.dev.wixpress.com/artifactory/api/npm/npm-repos/are-we-there-yet/-/are-we-there-yet-2.0.0.tgz#372e0e7bd279d8e94c653aaa1f67200884bf3e1c"
  integrity sha1-Ny4Oe9J52OlMZTqqH2cgCIS/Phw=
  dependencies:
    delegates "^1.0.0"
    readable-stream "^3.6.0"

argparse@^1.0.10:
  version "1.0.10"
  resolved "https://repo.dev.wixpress.com/artifactory/api/npm/npm-repos/argparse/-/argparse-1.0.10.tgz#bcd6791ea5ae09725e17e5ad988134cd40b3d911"
  integrity sha1-vNZ5HqWuCXJeF+WtmIE0zUCz2RE=
  dependencies:
    sprintf-js "~1.0.2"

asynckit@^0.4.0:
  version "0.4.0"
  resolved "https://repo.dev.wixpress.com/artifactory/api/npm/npm-repos/asynckit/-/asynckit-0.4.0.tgz#c79ed97f7f34cb8f2ba1bc9790bcc366474b4b79"
  integrity sha1-x57Zf380y48robyXkLzDZkdLS3k=

balanced-match@^1.0.0:
  version "1.0.0"
  resolved "https://registry.npmjs.org/balanced-match/-/balanced-match-1.0.0.tgz"
  integrity sha1-ibTRmasr7kneFk6gK4nORi1xt2c=

brace-expansion@^1.1.7:
  version "1.1.11"
  resolved "https://registry.npmjs.org/brace-expansion/-/brace-expansion-1.1.11.tgz"
  integrity sha512-iCuPHDFgrHX7H2vEI/5xpz07zSHB00TpugqhmYtVmMO6518mCuRMoOYFldEBl0g187ufozdaHgWKcYFb61qGiA==
  dependencies:
    balanced-match "^1.0.0"
    concat-map "0.0.1"

chalk@^4.1.0:
  version "4.1.2"
  resolved "https://repo.dev.wixpress.com/artifactory/api/npm/npm-repos/chalk/-/chalk-4.1.2.tgz#aac4e2b7734a740867aeb16bf02aad556a1e7a01"
  integrity sha1-qsTit3NKdAhnrrFr8CqtVWoeegE=
  dependencies:
    ansi-styles "^4.1.0"
    supports-color "^7.1.0"

chownr@^1.0.1:
  version "1.1.1"
  resolved "https://registry.npmjs.org/chownr/-/chownr-1.1.1.tgz"
  integrity sha512-j38EvO5+LHX84jlo6h4UzmOwi0UgW61WRyPtJz4qaadK5eY3BTS5TY/S1Stc3Uk2lIM6TPevAlULiEJwie860g==

chownr@^2.0.0:
  version "2.0.0"
  resolved "https://repo.dev.wixpress.com/artifactory/api/npm/npm-repos/chownr/-/chownr-2.0.0.tgz#15bfbe53d2eab4cf70f18a8cd68ebe5b3cb1dece"
  integrity sha1-Fb++U9LqtM9w8YqM1o6+Wzyx3s4=

cliui@^7.0.2:
  version "7.0.4"
  resolved "https://repo.dev.wixpress.com/artifactory/api/npm/npm-repos/cliui/-/cliui-7.0.4.tgz#a0265ee655476fc807aea9df3df8df7783808b4f"
  integrity sha1-oCZe5lVHb8gHrqnfPfjfd4OAi08=
  dependencies:
    string-width "^4.2.0"
    strip-ansi "^6.0.0"
    wrap-ansi "^7.0.0"

color-convert@^2.0.1:
  version "2.0.1"
  resolved "https://repo.dev.wixpress.com/artifactory/api/npm/npm-repos/color-convert/-/color-convert-2.0.1.tgz#72d3a68d598c9bdb3af2ad1e84f21d896abd4de3"
  integrity sha1-ctOmjVmMm9s68q0ehPIdiWq9TeM=
  dependencies:
    color-name "~1.1.4"

color-name@~1.1.4:
  version "1.1.4"
  resolved "https://repo.dev.wixpress.com/artifactory/api/npm/npm-repos/color-name/-/color-name-1.1.4.tgz#c2a09a87acbde69543de6f63fa3995c826c536a2"
  integrity sha1-wqCah6y95pVD3m9j+jmVyCbFNqI=

color-support@^1.1.2:
  version "1.1.3"
  resolved "https://repo.dev.wixpress.com/artifactory/api/npm/npm-repos/color-support/-/color-support-1.1.3.tgz#93834379a1cc9a0c61f82f52f0d04322251bd5a2"
  integrity sha1-k4NDeaHMmgxh+C9S8NBDIiUb1aI=

combined-stream@^1.0.8:
  version "1.0.8"
  resolved "https://repo.dev.wixpress.com/artifactory/api/npm/npm-repos/combined-stream/-/combined-stream-1.0.8.tgz#c3d45a8b34fd730631a110a8a2520682b31d5a7f"
  integrity sha1-w9RaizT9cwYxoRCoolIGgrMdWn8=
  dependencies:
    delayed-stream "~1.0.0"

concat-map@0.0.1:
  version "0.0.1"
  resolved "https://registry.npmjs.org/concat-map/-/concat-map-0.0.1.tgz"
  integrity sha1-2Klr13/Wjfd5OnMDajug1UBdR3s=

console-control-strings@^1.0.0, console-control-strings@^1.1.0:
  version "1.1.0"
  resolved "https://repo.dev.wixpress.com/artifactory/api/npm/npm-repos/console-control-strings/-/console-control-strings-1.1.0.tgz#3d7cf4464db6446ea644bf4b39507f9851008e8e"
  integrity sha1-PXz0Rk22RG6mRL9LOVB/mFEAjo4=

core-js@3.29.1:
  version "3.29.1"
  resolved "https://repo.dev.wixpress.com/artifactory/api/npm/npm-repos/core-js/-/core-js-3.29.1.tgz#40ff3b41588b091aaed19ca1aa5cb111803fa9a6"
  integrity sha1-QP87QViLCRqu0ZyhqlyxEYA/qaY=

debug@4:
  version "4.3.4"
  resolved "https://repo.dev.wixpress.com/artifactory/api/npm/npm-repos/debug/-/debug-4.3.4.tgz#1319f6579357f2338d3337d2cdd4914bb5dcc865"
  integrity sha1-Exn2V5NX8jONMzfSzdSRS7XcyGU=
  dependencies:
    ms "2.1.2"

debug@^3.1.0:
  version "3.2.7"
  resolved "https://repo.dev.wixpress.com/artifactory/api/npm/npm-repos/debug/-/debug-3.2.7.tgz#72580b7e9145fb39b6676f9c5e5fb100b934179a"
  integrity sha1-clgLfpFF+zm2Z2+cXl+xALk0F5o=
  dependencies:
    ms "^2.1.1"

delayed-stream@~1.0.0:
  version "1.0.0"
  resolved "https://repo.dev.wixpress.com/artifactory/api/npm/npm-repos/delayed-stream/-/delayed-stream-1.0.0.tgz#df3ae199acadfb7d440aaae0b29e2272b24ec619"
  integrity sha1-3zrhmayt+31ECqrgsp4icrJOxhk=

delegates@^1.0.0:
  version "1.0.0"
  resolved "https://repo.dev.wixpress.com/artifactory/api/npm/npm-repos/delegates/-/delegates-1.0.0.tgz#84c6e159b81904fdca59a0ef44cd870d31250f9a"
  integrity sha1-hMbhWbgZBP3KWaDvRM2HDTElD5o=

detect-libc@^2.0.0:
  version "2.0.2"
  resolved "https://repo.dev.wixpress.com/artifactory/api/npm/npm-repos/detect-libc/-/detect-libc-2.0.2.tgz#8ccf2ba9315350e1241b88d0ac3b0e1fbd99605d"
  integrity sha1-jM8rqTFTUOEkG4jQrDsOH72ZYF0=

emoji-regex@^8.0.0:
  version "8.0.0"
  resolved "https://repo.dev.wixpress.com/artifactory/api/npm/npm-repos/emoji-regex/-/emoji-regex-8.0.0.tgz#e818fd69ce5ccfcb404594f842963bf53164cc37"
  integrity sha1-6Bj9ac5cz8tARZT4QpY79TFkzDc=

es6-promise@^4.0.3:
  version "4.2.8"
  resolved "https://repo.dev.wixpress.com/artifactory/api/npm/npm-repos/es6-promise/-/es6-promise-4.2.8.tgz#4eb21594c972bc40553d276e510539143db53e0a"
  integrity sha1-TrIVlMlyvEBVPSduUQU5FD21Pgo=

es6-promisify@^5.0.0:
  version "5.0.0"
  resolved "https://repo.dev.wixpress.com/artifactory/api/npm/npm-repos/es6-promisify/-/es6-promisify-5.0.0.tgz#5109d62f3e56ea967c4b63505aef08291c8a5203"
  integrity sha1-UQnWLz5W6pZ8S2NQWu8IKRyKUgM=
  dependencies:
    es6-promise "^4.0.3"

escalade@^3.1.1:
  version "3.1.1"
  resolved "https://repo.dev.wixpress.com/artifactory/api/npm/npm-repos/escalade/-/escalade-3.1.1.tgz#d8cfdc7000965c5a0174b4a82eaa5c0552742e40"
  integrity sha1-2M/ccACWXFoBdLSoLqpcBVJ0LkA=

form-data@^4.0.0:
  version "4.0.0"
  resolved "https://repo.dev.wixpress.com/artifactory/api/npm/npm-repos/form-data/-/form-data-4.0.0.tgz#93919daeaf361ee529584b9b31664dc12c9fa452"
  integrity sha1-k5Gdrq82HuUpWEubMWZNwSyfpFI=
  dependencies:
    asynckit "^0.4.0"
    combined-stream "^1.0.8"
    mime-types "^2.1.12"

fs-minipass@^1.2.5:
  version "1.2.5"
  resolved "https://registry.npmjs.org/fs-minipass/-/fs-minipass-1.2.5.tgz"
  integrity sha512-JhBl0skXjUPCFH7x6x61gQxrKyXsxB5gcgePLZCwfyCGGsTISMoIeObbrvVeP6Xmyaudw4TT43qV2Gz+iyd2oQ==
  dependencies:
    minipass "^2.2.1"

fs-minipass@^2.0.0:
  version "2.1.0"
  resolved "https://repo.dev.wixpress.com/artifactory/api/npm/npm-repos/fs-minipass/-/fs-minipass-2.1.0.tgz#7f5036fdbf12c63c169190cbe4199c852271f9fb"
  integrity sha1-f1A2/b8SxjwWkZDL5BmchSJx+fs=
  dependencies:
    minipass "^3.0.0"

fs.realpath@^1.0.0:
  version "1.0.0"
  resolved "https://registry.npmjs.org/fs.realpath/-/fs.realpath-1.0.0.tgz"
  integrity sha1-FQStJSMVjKpA20onh8sBQRmU6k8=

gauge@^3.0.0:
  version "3.0.2"
  resolved "https://repo.dev.wixpress.com/artifactory/api/npm/npm-repos/gauge/-/gauge-3.0.2.tgz#03bf4441c044383908bcfa0656ad91803259b395"
  integrity sha1-A79EQcBEODkIvPoGVq2RgDJZs5U=
  dependencies:
    aproba "^1.0.3 || ^2.0.0"
    color-support "^1.1.2"
    console-control-strings "^1.0.0"
    has-unicode "^2.0.1"
    object-assign "^4.1.1"
    signal-exit "^3.0.0"
    string-width "^4.2.3"
    strip-ansi "^6.0.1"
    wide-align "^1.1.2"

get-caller-file@^2.0.5:
  version "2.0.5"
  resolved "https://repo.dev.wixpress.com/artifactory/api/npm/npm-repos/get-caller-file/-/get-caller-file-2.0.5.tgz#4f94412a82db32f36e3b0b9741f8a97feb031f7e"
  integrity sha1-T5RBKoLbMvNuOwuXQfipf+sDH34=

glob@^7.0.5:
  version "7.1.3"
  resolved "https://registry.npmjs.org/glob/-/glob-7.1.3.tgz"
  integrity sha512-vcfuiIxogLV4DlGBHIUOwI0IbrJ8HWPc4MU7HzviGeNho/UJDfi6B5p3sHeWIQ0KGIU0Jpxi5ZHxemQfLkkAwQ==
  dependencies:
    fs.realpath "^1.0.0"
    inflight "^1.0.4"
    inherits "2"
    minimatch "^3.0.4"
    once "^1.3.0"
    path-is-absolute "^1.0.0"

glob@^7.1.3:
  version "7.2.3"
  resolved "https://repo.dev.wixpress.com/artifactory/api/npm/npm-repos/glob/-/glob-7.2.3.tgz#b8df0fb802bbfa8e89bd1d938b4e16578ed44f2b"
  integrity sha1-uN8PuAK7+o6JvR2Ti04WV47UTys=
  dependencies:
    fs.realpath "^1.0.0"
    inflight "^1.0.4"
    inherits "2"
    minimatch "^3.1.1"
    once "^1.3.0"
    path-is-absolute "^1.0.0"

google-protobuf@^3.9.2:
  version "3.21.2"
  resolved "https://repo.dev.wixpress.com/artifactory/api/npm/npm-repos/google-protobuf/-/google-protobuf-3.21.2.tgz#4580a2bea8bbb291ee579d1fefb14d6fa3070ea4"
  integrity sha1-RYCivqi7spHuV50f77FNb6MHDqQ=

has-flag@^4.0.0:
  version "4.0.0"
  resolved "https://repo.dev.wixpress.com/artifactory/api/npm/npm-repos/has-flag/-/has-flag-4.0.0.tgz#944771fd9c81c81265c4d6941860da06bb59479b"
  integrity sha1-lEdx/ZyByBJlxNaUGGDaBrtZR5s=

has-unicode@^2.0.1:
  version "2.0.1"
  resolved "https://repo.dev.wixpress.com/artifactory/api/npm/npm-repos/has-unicode/-/has-unicode-2.0.1.tgz#e0e6fe6a28cf51138855e086d1691e771de2a8b9"
  integrity sha1-4Ob+aijPUROIVeCG0Wkedx3iqLk=

https-proxy-agent@^2.2.1:
  version "2.2.4"
  resolved "https://repo.dev.wixpress.com/artifactory/api/npm/npm-repos/https-proxy-agent/-/https-proxy-agent-2.2.4.tgz#4ee7a737abd92678a293d9b34a1af4d0d08c787b"
  integrity sha1-TuenN6vZJniik9mzShr00NCMeHs=
  dependencies:
    agent-base "^4.3.0"
    debug "^3.1.0"

https-proxy-agent@^5.0.0:
  version "5.0.1"
  resolved "https://repo.dev.wixpress.com/artifactory/api/npm/npm-repos/https-proxy-agent/-/https-proxy-agent-5.0.1.tgz#c59ef224a04fe8b754f3db0063a25ea30d0005d6"
  integrity sha1-xZ7yJKBP6LdU89sAY6Jeow0ABdY=
  dependencies:
    agent-base "6"
    debug "4"

inflight@^1.0.4:
  version "1.0.6"
  resolved "https://registry.npmjs.org/inflight/-/inflight-1.0.6.tgz"
  integrity sha1-Sb1jMdfQLQwJvJEKEHW6gWW1bfk=
  dependencies:
    once "^1.3.0"
    wrappy "1"

inherits@2:
  version "2.0.3"
  resolved "https://registry.npmjs.org/inherits/-/inherits-2.0.3.tgz"
  integrity sha1-Yzwsg+PaQqUC9SRmAiSA9CCCYd4=

inherits@^2.0.3:
  version "2.0.4"
  resolved "https://repo.dev.wixpress.com/artifactory/api/npm/npm-repos/inherits/-/inherits-2.0.4.tgz#0fa2c64f932917c3433a0ded55363aae37416b7c"
  integrity sha1-D6LGT5MpF8NDOg3tVTY6rjdBa3w=

is-fullwidth-code-point@^3.0.0:
  version "3.0.0"
  resolved "https://repo.dev.wixpress.com/artifactory/api/npm/npm-repos/is-fullwidth-code-point/-/is-fullwidth-code-point-3.0.0.tgz#f116f8064fe90b3f7844a38997c0b75051269f1d"
  integrity sha1-8Rb4Bk/pCz94RKOJl8C3UFEmnx0=

lodash@^4.17.11:
  version "4.17.11"
  resolved "https://registry.npmjs.org/lodash/-/lodash-4.17.11.tgz"
  integrity sha512-cQKh8igo5QUhZ7lg38DYWAxMvjSAKG0A8wGSVimP07SIUEK2UO+arSRKbRZWtelMtN5V0Hkwh5ryOto/SshYIg==

long@4.0.0:
  version "4.0.0"
  resolved "https://repo.dev.wixpress.com/artifactory/api/npm/npm-repos/long/-/long-4.0.0.tgz#9a7b71cfb7d361a194ea555241c92f7468d5bf28"
  integrity sha1-mntxz7fTYaGU6lVSQckvdGjVvyg=

lru-cache@^6.0.0:
  version "6.0.0"
  resolved "https://repo.dev.wixpress.com/artifactory/api/npm/npm-repos/lru-cache/-/lru-cache-6.0.0.tgz#6d6fe6570ebd96aaf90fcad1dafa3b2566db3a94"
  integrity sha1-bW/mVw69lqr5D8rR2vo7JWbbOpQ=
  dependencies:
    yallist "^4.0.0"

make-dir@^3.1.0:
  version "3.1.0"
  resolved "https://repo.dev.wixpress.com/artifactory/api/npm/npm-repos/make-dir/-/make-dir-3.1.0.tgz#415e967046b3a7f1d185277d84aa58203726a13f"
  integrity sha1-QV6WcEazp/HRhSd9hKpYIDcmoT8=
  dependencies:
    semver "^6.0.0"

mime-db@1.52.0:
  version "1.52.0"
  resolved "https://repo.dev.wixpress.com/artifactory/api/npm/npm-repos/mime-db/-/mime-db-1.52.0.tgz#bbabcdc02859f4987301c856e3387ce5ec43bf70"
  integrity sha1-u6vNwChZ9JhzAchW4zh85exDv3A=

mime-types@^2.1.12:
  version "2.1.35"
  resolved "https://repo.dev.wixpress.com/artifactory/api/npm/npm-repos/mime-types/-/mime-types-2.1.35.tgz#381a871b62a734450660ae3deee44813f70d959a"
  integrity sha1-OBqHG2KnNEUGYK497uRIE/cNlZo=
  dependencies:
    mime-db "1.52.0"

minimatch@^3.0.4:
  version "3.0.4"
  resolved "https://registry.npmjs.org/minimatch/-/minimatch-3.0.4.tgz"
  integrity sha512-yJHVQEhyqPLUTgt9B83PXu6W3rx4MvvHvSUvToogpwoGDOUQ+yDrR0HRot+yOCdCO7u4hX3pWft6kWBBcqh0UA==
  dependencies:
    brace-expansion "^1.1.7"

minimatch@^3.1.1:
  version "3.1.2"
  resolved "https://repo.dev.wixpress.com/artifactory/api/npm/npm-repos/minimatch/-/minimatch-3.1.2.tgz#19cd194bfd3e428f049a70817c038d89ab4be35b"
  integrity sha1-Gc0ZS/0+Qo8EmnCBfAONiatL41s=
  dependencies:
    brace-expansion "^1.1.7"

minimist@0.0.8:
  version "0.0.8"
  resolved "http://registry.npmjs.org/minimist/-/minimist-0.0.8.tgz"
  integrity sha1-hX/Kv8M5fSYluCKCYuhqp6ARsF0=

minipass@^2.2.1, minipass@^2.3.3:
  version "2.3.4"
  resolved "https://registry.npmjs.org/minipass/-/minipass-2.3.4.tgz"
  integrity sha512-mlouk1OHlaUE8Odt1drMtG1bAJA4ZA6B/ehysgV0LUIrDHdKgo1KorZq3pK0b/7Z7LJIQ12MNM6aC+Tn6lUZ5w==
  dependencies:
    safe-buffer "^5.1.2"
    yallist "^3.0.0"

minipass@^3.0.0:
  version "3.3.6"
  resolved "https://repo.dev.wixpress.com/artifactory/api/npm/npm-repos/minipass/-/minipass-3.3.6.tgz#7bba384db3a1520d18c9c0e5251c3444e95dd94a"
  integrity sha1-e7o4TbOhUg0YycDlJRw0ROld2Uo=
  dependencies:
    yallist "^4.0.0"

minipass@^5.0.0:
  version "5.0.0"
  resolved "https://repo.dev.wixpress.com/artifactory/api/npm/npm-repos/minipass/-/minipass-5.0.0.tgz#3e9788ffb90b694a5d0ec94479a45b5d8738133d"
  integrity sha1-PpeI/7kLaUpdDslEeaRbXYc4Ez0=

minizlib@^1.1.0:
  version "1.1.0"
  resolved "https://registry.npmjs.org/minizlib/-/minizlib-1.1.0.tgz"
  integrity sha512-4T6Ur/GctZ27nHfpt9THOdRZNgyJ9FZchYO1ceg5S8Q3DNLCKYy44nCZzgCJgcvx2UM8czmqak5BCxJMrq37lA==
  dependencies:
    minipass "^2.2.1"

minizlib@^2.1.1:
  version "2.1.2"
  resolved "https://repo.dev.wixpress.com/artifactory/api/npm/npm-repos/minizlib/-/minizlib-2.1.2.tgz#e90d3466ba209b932451508a11ce3d3632145931"
  integrity sha1-6Q00Zrogm5MkUVCKEc49NjIUWTE=
  dependencies:
    minipass "^3.0.0"
    yallist "^4.0.0"

mkdirp@^0.5.0:
  version "0.5.1"
  resolved "http://registry.npmjs.org/mkdirp/-/mkdirp-0.5.1.tgz"
  integrity sha1-MAV0OOrGz3+MR2fzhkjWaX11yQM=
  dependencies:
    minimist "0.0.8"

mkdirp@^1.0.3:
  version "1.0.4"
  resolved "https://repo.dev.wixpress.com/artifactory/api/npm/npm-repos/mkdirp/-/mkdirp-1.0.4.tgz#3eb5ed62622756d79a5f0e2a221dfebad75c2f7e"
  integrity sha1-PrXtYmInVteaXw4qIh3+utdcL34=

ms@2.1.2:
  version "2.1.2"
  resolved "https://repo.dev.wixpress.com/artifactory/api/npm/npm-repos/ms/-/ms-2.1.2.tgz#d09d1f357b443f493382a8eb3ccd183872ae6009"
  integrity sha1-0J0fNXtEP0kzgqjrPM0YOHKuYAk=

ms@^2.1.1:
  version "2.1.3"
  resolved "https://repo.dev.wixpress.com/artifactory/api/npm/npm-repos/ms/-/ms-2.1.3.tgz#574c8138ce1d2b5861f0b44579dbadd60c6615b2"
  integrity sha1-V0yBOM4dK1hh8LRFedut1gxmFbI=

node-fetch@^2.6.7:
  version "2.7.0"
  resolved "https://repo.dev.wixpress.com/artifactory/api/npm/npm-repos/node-fetch/-/node-fetch-2.7.0.tgz#d0f0fa6e3e2dc1d27efcd8ad99d550bda94d187d"
  integrity sha1-0PD6bj4twdJ+/NitmdVQvalNGH0=
  dependencies:
    whatwg-url "^5.0.0"

node-fetch@~2.6.1:
  version "2.6.13"
  resolved "https://repo.dev.wixpress.com/artifactory/api/npm/npm-repos/node-fetch/-/node-fetch-2.6.13.tgz#a20acbbec73c2e09f9007de5cda17104122e0010"
  integrity sha1-ogrLvsc8Lgn5AH3lzaFxBBIuABA=
  dependencies:
    whatwg-url "^5.0.0"

nopt@^5.0.0:
  version "5.0.0"
  resolved "https://repo.dev.wixpress.com/artifactory/api/npm/npm-repos/nopt/-/nopt-5.0.0.tgz#530942bb58a512fccafe53fe210f13a25355dc88"
  integrity sha1-UwlCu1ilEvzK/lP+IQ8TolNV3Ig=
  dependencies:
    abbrev "1"

npmlog@^5.0.1:
  version "5.0.1"
  resolved "https://repo.dev.wixpress.com/artifactory/api/npm/npm-repos/npmlog/-/npmlog-5.0.1.tgz#f06678e80e29419ad67ab964e0fa69959c1eb8b0"
  integrity sha1-8GZ46A4pQZrWerlk4PpplZweuLA=
  dependencies:
    are-we-there-yet "^2.0.0"
    console-control-strings "^1.1.0"
    gauge "^3.0.0"
    set-blocking "^2.0.0"

object-assign@^4.1.1:
  version "4.1.1"
  resolved "https://repo.dev.wixpress.com/artifactory/api/npm/npm-repos/object-assign/-/object-assign-4.1.1.tgz#2109adc7965887cfc05cbbd442cac8bfbb360863"
  integrity sha1-IQmtx5ZYh8/AXLvUQsrIv7s2CGM=

once@^1.3.0:
  version "1.4.0"
  resolved "https://registry.npmjs.org/once/-/once-1.4.0.tgz"
  integrity sha1-WDsap3WWHUsROsF9nFC6753Xa9E=
  dependencies:
    wrappy "1"

path-is-absolute@^1.0.0:
  version "1.0.1"
  resolved "https://registry.npmjs.org/path-is-absolute/-/path-is-absolute-1.0.1.tgz"
  integrity sha1-F0uSaHNVNP+8es5r9TpanhtcX18=

progress@^2.0.0:
  version "2.0.0"
  resolved "https://registry.npmjs.org/progress/-/progress-2.0.0.tgz"
  integrity sha1-ihvjZr+Pwj2yvSPxDG/pILQ4nR8=

readable-stream@^3.6.0:
  version "3.6.2"
  resolved "https://repo.dev.wixpress.com/artifactory/api/npm/npm-repos/readable-stream/-/readable-stream-3.6.2.tgz#56a9b36ea965c00c5a93ef31eb111a0f11056967"
  integrity sha1-VqmzbqllwAxak+8x6xEaDxEFaWc=
  dependencies:
    inherits "^2.0.3"
    string_decoder "^1.1.1"
    util-deprecate "^1.0.1"

regenerator-runtime@^0.13.5:
  version "0.13.11"
  resolved "https://repo.dev.wixpress.com/artifactory/api/npm/npm-repos/regenerator-runtime/-/regenerator-runtime-0.13.11.tgz#f6dca3e7ceec20590d07ada785636a90cdca17f9"
  integrity sha1-9tyj587sIFkNB62nhWNqkM3KF/k=

require-directory@^2.1.1:
  version "2.1.1"
  resolved "https://repo.dev.wixpress.com/artifactory/api/npm/npm-repos/require-directory/-/require-directory-2.1.1.tgz#8c64ad5fd30dab1c976e2344ffe7f792a6a6df42"
  integrity sha1-jGStX9MNqxyXbiNE/+f3kqam30I=

rimraf@^2.6.2:
  version "2.6.2"
  resolved "https://registry.npmjs.org/rimraf/-/rimraf-2.6.2.tgz"
  integrity sha512-lreewLK/BlghmxtfH36YYVg1i8IAce4TI7oao75I1g245+6BctqTVQiBP3YUJ9C6DQOXJmkYR9X9fCLtCOJc5w==
  dependencies:
    glob "^7.0.5"

rimraf@^3.0.2:
  version "3.0.2"
  resolved "https://repo.dev.wixpress.com/artifactory/api/npm/npm-repos/rimraf/-/rimraf-3.0.2.tgz#f1a5402ba6220ad52cc1282bac1ae3aa49fd061a"
  integrity sha1-8aVAK6YiCtUswSgrrBrjqkn9Bho=
  dependencies:
    glob "^7.1.3"

safe-buffer@^5.1.2:
  version "5.1.2"
  resolved "https://registry.npmjs.org/safe-buffer/-/safe-buffer-5.1.2.tgz"
  integrity sha512-Gd2UZBJDkXlY7GbJxfsE8/nvKkUEU1G38c1siN6QP6a9PT9MmHB8GnpscSmMJSoF8LOIrt8ud/wPtojys4G6+g==

safe-buffer@~5.2.0:
  version "5.2.1"
  resolved "https://repo.dev.wixpress.com/artifactory/api/npm/npm-repos/safe-buffer/-/safe-buffer-5.2.1.tgz#1eaf9fa9bdb1fdd4ec75f58f9cdb4e6b7827eec6"
  integrity sha1-Hq+fqb2x/dTsdfWPnNtOa3gn7sY=

seedrandom@^2.4.2:
  version "2.4.4"
  resolved "https://registry.npmjs.org/seedrandom/-/seedrandom-2.4.4.tgz"
  integrity sha512-9A+PDmgm+2du77B5i0Ip2cxOqqHjgNxnBgglxLcX78A2D6c2rTo61z4jnVABpF4cKeDMDG+cmXXvdnqse2VqMA==

seedrandom@^3.0.5:
  version "3.0.5"
  resolved "https://repo.dev.wixpress.com/artifactory/api/npm/npm-repos/seedrandom/-/seedrandom-3.0.5.tgz#54edc85c95222525b0c7a6f6b3543d8e0b3aa0a7"
  integrity sha1-VO3IXJUiJSWwx6b2s1Q9jgs6oKc=

semver@^6.0.0:
  version "6.3.1"
  resolved "https://repo.dev.wixpress.com/artifactory/api/npm/npm-repos/semver/-/semver-6.3.1.tgz#556d2ef8689146e46dcea4bfdd095f3434dffcb4"
  integrity sha1-VW0u+GiRRuRtzqS/3QlfNDTf/LQ=

semver@^7.3.5:
  version "7.5.4"
  resolved "https://repo.dev.wixpress.com/artifactory/api/npm/npm-repos/semver/-/semver-7.5.4.tgz#483986ec4ed38e1c6c48c34894a9182dbff68a6e"
  integrity sha1-SDmG7E7TjhxsSMNIlKkYLb/2im4=
  dependencies:
    lru-cache "^6.0.0"

set-blocking@^2.0.0:
  version "2.0.0"
  resolved "https://repo.dev.wixpress.com/artifactory/api/npm/npm-repos/set-blocking/-/set-blocking-2.0.0.tgz#045f9782d011ae9a6803ddd382b24392b3d890f7"
  integrity sha1-BF+XgtARrppoA93TgrJDkrPYkPc=

shuffle-seed@^1.1.6:
  version "1.1.6"
  resolved "https://registry.npmjs.org/shuffle-seed/-/shuffle-seed-1.1.6.tgz"
  integrity sha1-UzwSaDurO0+j6HUfxOViFGdEJgs=
  dependencies:
    seedrandom "^2.4.2"

signal-exit@^3.0.0:
  version "3.0.7"
  resolved "https://repo.dev.wixpress.com/artifactory/api/npm/npm-repos/signal-exit/-/signal-exit-3.0.7.tgz#a9a1767f8af84155114eaabd73f99273c8f59ad9"
  integrity sha1-qaF2f4r4QVURTqq9c/mSc8j1mtk=

sprintf-js@~1.0.2:
  version "1.0.3"
  resolved "https://repo.dev.wixpress.com/artifactory/api/npm/npm-repos/sprintf-js/-/sprintf-js-1.0.3.tgz#04e6926f662895354f3dd015203633b857297e2c"
  integrity sha1-BOaSb2YolTVPPdAVIDYzuFcpfiw=

"string-width@^1.0.2 || 2 || 3 || 4", string-width@^4.1.0, string-width@^4.2.0, string-width@^4.2.3:
  version "4.2.3"
  resolved "https://repo.dev.wixpress.com/artifactory/api/npm/npm-repos/string-width/-/string-width-4.2.3.tgz#269c7117d27b05ad2e536830a8ec895ef9c6d010"
  integrity sha1-JpxxF9J7Ba0uU2gwqOyJXvnG0BA=
  dependencies:
    emoji-regex "^8.0.0"
    is-fullwidth-code-point "^3.0.0"
    strip-ansi "^6.0.1"

string_decoder@^1.1.1, string_decoder@^1.3.0:
  version "1.3.0"
  resolved "https://repo.dev.wixpress.com/artifactory/api/npm/npm-repos/string_decoder/-/string_decoder-1.3.0.tgz#42f114594a46cf1a8e30b0a84f56c78c3edac21e"
  integrity sha1-QvEUWUpGzxqOMLCoT1bHjD7awh4=
  dependencies:
    safe-buffer "~5.2.0"

strip-ansi@^6.0.0, strip-ansi@^6.0.1:
  version "6.0.1"
  resolved "https://repo.dev.wixpress.com/artifactory/api/npm/npm-repos/strip-ansi/-/strip-ansi-6.0.1.tgz#9e26c63d30f53443e9489495b2105d37b67a85d9"
  integrity sha1-nibGPTD1NEPpSJSVshBdN7Z6hdk=
  dependencies:
    ansi-regex "^5.0.1"

supports-color@^7.1.0:
  version "7.2.0"
  resolved "https://repo.dev.wixpress.com/artifactory/api/npm/npm-repos/supports-color/-/supports-color-7.2.0.tgz#1b7dcdcb32b8138801b3e478ba6a51caa89648da"
  integrity sha1-G33NyzK4E4gBs+R4umpRyqiWSNo=
  dependencies:
    has-flag "^4.0.0"

tar@^4.4.6:
  version "4.4.6"
  resolved "https://registry.npmjs.org/tar/-/tar-4.4.6.tgz"
  integrity sha512-tMkTnh9EdzxyfW+6GK6fCahagXsnYk6kE6S9Gr9pjVdys769+laCTbodXDhPAjzVtEBazRgP0gYqOjnk9dQzLg==
  dependencies:
    chownr "^1.0.1"
    fs-minipass "^1.2.5"
    minipass "^2.3.3"
    minizlib "^1.1.0"
    mkdirp "^0.5.0"
    safe-buffer "^5.1.2"
    yallist "^3.0.2"

tar@^6.1.11:
  version "6.2.0"
  resolved "https://repo.dev.wixpress.com/artifactory/api/npm/npm-repos/tar/-/tar-6.2.0.tgz#b14ce49a79cb1cd23bc9b016302dea5474493f73"
  integrity sha1-sUzkmnnLHNI7ybAWMC3qVHRJP3M=
  dependencies:
    chownr "^2.0.0"
    fs-minipass "^2.0.0"
    minipass "^5.0.0"
    minizlib "^2.1.1"
    mkdirp "^1.0.3"
    yallist "^4.0.0"

tr46@~0.0.3:
  version "0.0.3"
  resolved "https://repo.dev.wixpress.com/artifactory/api/npm/npm-repos/tr46/-/tr46-0.0.3.tgz#8184fd347dac9cdc185992f3a6622e14b9d9ab6a"
  integrity sha1-gYT9NH2snNwYWZLzpmIuFLnZq2o=

undici-types@~5.26.4:
  version "5.26.5"
  resolved "https://repo.dev.wixpress.com/artifactory/api/npm/npm-repos/undici-types/-/undici-types-5.26.5.tgz#bcd539893d00b56e964fd2657a4866b221a65617"
  integrity sha1-vNU5iT0AtW6WT9JlekhmsiGmVhc=

util-deprecate@^1.0.1:
  version "1.0.2"
  resolved "https://repo.dev.wixpress.com/artifactory/api/npm/npm-repos/util-deprecate/-/util-deprecate-1.0.2.tgz#450d4dc9fa70de732762fbd2d4a28981419a0ccf"
  integrity sha1-RQ1Nyfpw3nMnYvvS1KKJgUGaDM8=

webidl-conversions@^3.0.0:
  version "3.0.1"
  resolved "https://repo.dev.wixpress.com/artifactory/api/npm/npm-repos/webidl-conversions/-/webidl-conversions-3.0.1.tgz#24534275e2a7bc6be7bc86611cc16ae0a5654871"
  integrity sha1-JFNCdeKnvGvnvIZhHMFq4KVlSHE=

whatwg-url@^5.0.0:
  version "5.0.0"
  resolved "https://repo.dev.wixpress.com/artifactory/api/npm/npm-repos/whatwg-url/-/whatwg-url-5.0.0.tgz#966454e8765462e37644d3626f6742ce8b70965d"
  integrity sha1-lmRU6HZUYuN2RNNib2dCzotwll0=
  dependencies:
    tr46 "~0.0.3"
    webidl-conversions "^3.0.0"

wide-align@^1.1.2:
  version "1.1.5"
  resolved "https://repo.dev.wixpress.com/artifactory/api/npm/npm-repos/wide-align/-/wide-align-1.1.5.tgz#df1d4c206854369ecf3c9a4898f1b23fbd9d15d3"
  integrity sha1-3x1MIGhUNp7PPJpImPGyP72dFdM=
  dependencies:
    string-width "^1.0.2 || 2 || 3 || 4"

wrap-ansi@^7.0.0:
  version "7.0.0"
  resolved "https://repo.dev.wixpress.com/artifactory/api/npm/npm-repos/wrap-ansi/-/wrap-ansi-7.0.0.tgz#67e145cff510a6a6984bdf1152911d69d2eb9e43"
  integrity sha1-Z+FFz/UQpqaYS98RUpEdadLrnkM=
  dependencies:
    ansi-styles "^4.0.0"
    string-width "^4.1.0"
    strip-ansi "^6.0.0"

wrappy@1:
  version "1.0.2"
  resolved "https://registry.npmjs.org/wrappy/-/wrappy-1.0.2.tgz"
  integrity sha1-tSQ9jz7BqjXxNkYFvA0QNuMKtp8=

y18n@^5.0.5:
  version "5.0.8"
  resolved "https://repo.dev.wixpress.com/artifactory/api/npm/npm-repos/y18n/-/y18n-5.0.8.tgz#7f4934d0f7ca8c56f95314939ddcd2dd91ce1d55"
  integrity sha1-f0k00PfKjFb5UxSTndzS3ZHOHVU=

yallist@^3.0.0, yallist@^3.0.2:
  version "3.0.2"
  resolved "https://registry.npmjs.org/yallist/-/yallist-3.0.2.tgz"
  integrity sha1-hFK0u36Dx8GI2AQcGoN8dz1ti7k=

yallist@^4.0.0:
  version "4.0.0"
  resolved "https://repo.dev.wixpress.com/artifactory/api/npm/npm-repos/yallist/-/yallist-4.0.0.tgz#9bb92790d9c0effec63be73519e11a35019a3a72"
  integrity sha1-m7knkNnA7/7GO+c1GeEaNQGaOnI=

yargs-parser@^20.2.2:
  version "20.2.9"
  resolved "https://repo.dev.wixpress.com/artifactory/api/npm/npm-repos/yargs-parser/-/yargs-parser-20.2.9.tgz#2eb7dc3b0289718fc295f362753845c41a0c94ee"
  integrity sha1-LrfcOwKJcY/ClfNidThFxBoMlO4=

yargs@^16.0.3:
  version "16.2.0"
  resolved "https://repo.dev.wixpress.com/artifactory/api/npm/npm-repos/yargs/-/yargs-16.2.0.tgz#1c82bf0f6b6a66eafce7ef30e376f49a12477f66"
  integrity sha1-HIK/D2tqZur85+8w43b0mhJHf2Y=
  dependencies:
    cliui "^7.0.2"
    escalade "^3.1.1"
    get-caller-file "^2.0.5"
    require-directory "^2.1.1"
    string-width "^4.2.0"
    y18n "^5.0.5"
    yargs-parser "^20.2.2"

yarn@^1.22.19:
  version "1.22.19"
  resolved "https://repo.dev.wixpress.com/artifactory/api/npm/npm-repos/yarn/-/yarn-1.22.19.tgz#4ba7fc5c6e704fce2066ecbfb0b0d8976fe62447"
  integrity sha1-S6f8XG5wT84gZuy/sLDYl2/mJEc=
